
Microsoft Visual Studio Solution File, Format Version 12.00
# Visual Studio Version 17
VisualStudioVersion = 17.8.34316.72
MinimumVisualStudioVersion = 10.0.40219.1
Project("{FAE04EC0-301F-11D3-BF4B-00C04F79EFBC}") = "classExercises", "classExercises.csproj", "{5ECC1BD2-4B7E-4F72-9DC8-6BA1A311C055}"
EndProject
Global
	GlobalSection(SolutionConfigurationPlatforms) = preSolution
		Debug|Any CPU = Debug|Any CPU
		Release|Any CPU = Release|Any CPU
	EndGlobalSection
	GlobalSection(ProjectConfigurationPlatforms) = postSolution
		{5ECC1BD2-4B7E-4F72-9DC8-6BA1A311C055}.Debug|Any CPU.ActiveCfg = Debug|Any CPU
		{5ECC1BD2-4B7E-4F72-9DC8-6BA1A311C055}.Debug|Any CPU.Build.0 = Debug|Any CPU
		{5ECC1BD2-4B7E-4F72-9DC8-6BA1A311C055}.Release|Any CPU.ActiveCfg = Release|Any CPU
		{5ECC1BD2-4B7E-4F72-9DC8-6BA1A311C055}.Release|Any CPU.Build.0 = Release|Any CPU
	EndGlobalSection
	GlobalSection(SolutionProperties) = preSolution
		HideSolutionNode = FALSE
	EndGlobalSection
	GlobalSection(ExtensibilityGlobals) = postSolution
		SolutionGuid = {82C2BD2F-C995-4145-BDF8-358EDACD58F9}
	EndGlobalSection
EndGlobal
